
Microsoft Visual Studio Solution File, Format Version 12.00
# Visual Studio Version 16
VisualStudioVersion = 16.0.31605.320
MinimumVisualStudioVersion = 10.0.40219.1
Project("{FAE04EC0-301F-11D3-BF4B-00C04F79EFBC}") = "MvcMovie", "MvcMovie\MvcMovie.csproj", "{7F7C8B99-A11F-46E4-A568-560FC2FEC632}"
EndProject
Global
	GlobalSection(SolutionConfigurationPlatforms) = preSolution
		Debug|Any CPU = Debug|Any CPU
		Release|Any CPU = Release|Any CPU
	EndGlobalSection
	GlobalSection(ProjectConfigurationPlatforms) = postSolution
		{7F7C8B99-A11F-46E4-A568-560FC2FEC632}.Debug|Any CPU.ActiveCfg = Debug|Any CPU
		{7F7C8B99-A11F-46E4-A568-560FC2FEC632}.Debug|Any CPU.Build.0 = Debug|Any CPU
		{7F7C8B99-A11F-46E4-A568-560FC2FEC632}.Release|Any CPU.ActiveCfg = Release|Any CPU
		{7F7C8B99-A11F-46E4-A568-560FC2FEC632}.Release|Any CPU.Build.0 = Release|Any CPU
	EndGlobalSection
	GlobalSection(SolutionProperties) = preSolution
		HideSolutionNode = FALSE
	EndGlobalSection
	GlobalSection(ExtensibilityGlobals) = postSolution
		SolutionGuid = {2DEF77DA-0824-432F-86AD-300739F52AE8}
	EndGlobalSection
EndGlobal
