
Microsoft Visual Studio Solution File, Format Version 12.00
# Visual Studio Version 16
VisualStudioVersion = 16.0.31605.320
MinimumVisualStudioVersion = 10.0.40219.1
Project("{FAE04EC0-301F-11D3-BF4B-00C04F79EFBC}") = "PaymentBackend", "PaymentBackend.csproj", "{34699035-BDD8-4ABF-A4CF-146345CA23DD}"
EndProject
Global
	GlobalSection(SolutionConfigurationPlatforms) = preSolution
		Debug|Any CPU = Debug|Any CPU
		Release|Any CPU = Release|Any CPU
	EndGlobalSection
	GlobalSection(ProjectConfigurationPlatforms) = postSolution
		{34699035-BDD8-4ABF-A4CF-146345CA23DD}.Debug|Any CPU.ActiveCfg = Debug|Any CPU
		{34699035-BDD8-4ABF-A4CF-146345CA23DD}.Debug|Any CPU.Build.0 = Debug|Any CPU
		{34699035-BDD8-4ABF-A4CF-146345CA23DD}.Release|Any CPU.ActiveCfg = Release|Any CPU
		{34699035-BDD8-4ABF-A4CF-146345CA23DD}.Release|Any CPU.Build.0 = Release|Any CPU
	EndGlobalSection
	GlobalSection(SolutionProperties) = preSolution
		HideSolutionNode = FALSE
	EndGlobalSection
	GlobalSection(ExtensibilityGlobals) = postSolution
		SolutionGuid = {52FC4B91-D717-4110-BAEA-89ABF77C0112}
	EndGlobalSection
EndGlobal
